
Microsoft Visual Studio Solution File, Format Version 12.00
# Visual Studio Version 16
VisualStudioVersion = 16.0.32002.261
MinimumVisualStudioVersion = 10.0.40219.1
Project("{FAE04EC0-301F-11D3-BF4B-00C04F79EFBC}") = "TimePass", "TimePass\TimePass.csproj", "{AB24AE97-C38D-46C3-8202-16B8DBBCF0AE}"
EndProject
Global
	GlobalSection(SolutionConfigurationPlatforms) = preSolution
		Debug|Any CPU = Debug|Any CPU
		Release|Any CPU = Release|Any CPU
	EndGlobalSection
	GlobalSection(ProjectConfigurationPlatforms) = postSolution
		{AB24AE97-C38D-46C3-8202-16B8DBBCF0AE}.Debug|Any CPU.ActiveCfg = Debug|Any CPU
		{AB24AE97-C38D-46C3-8202-16B8DBBCF0AE}.Debug|Any CPU.Build.0 = Debug|Any CPU
		{AB24AE97-C38D-46C3-8202-16B8DBBCF0AE}.Release|Any CPU.ActiveCfg = Release|Any CPU
		{AB24AE97-C38D-46C3-8202-16B8DBBCF0AE}.Release|Any CPU.Build.0 = Release|Any CPU
	EndGlobalSection
	GlobalSection(SolutionProperties) = preSolution
		HideSolutionNode = FALSE
	EndGlobalSection
	GlobalSection(ExtensibilityGlobals) = postSolution
		SolutionGuid = {7799E199-B306-4185-A9D5-00D757C4CAEB}
	EndGlobalSection
EndGlobal
